// !$*UTF8*$!
{
	archiveVersion = 1;
	classes = {
	};
	objectVersion = 56;
	objects = {

/* Begin PBXBuildFile section */
		B7589C262B657387004571FB /* RealityKitContent in Frameworks */ = {isa = PBXBuildFile; productRef = B7589C252B657387004571FB /* RealityKitContent */; };
		B7589C282B657387004571FB /* WildGuard_VisionProApp.swift in Sources */ = {isa = PBXBuildFile; fileRef = B7589C272B657387004571FB /* WildGuard_VisionProApp.swift */; };
		B7589C2C2B657387004571FB /* ImmersiveView.swift in Sources */ = {isa = PBXBuildFile; fileRef = B7589C2B2B657387004571FB /* ImmersiveView.swift */; };
		B7589C3E2B657388004571FB /* WildGuard_VisionProAppTests.swift in Sources */ = {isa = PBXBuildFile; fileRef = B7589C3D2B657388004571FB /* WildGuard_VisionProAppTests.swift */; };
		B7589C572B65742E004571FB /* CategoryView.swift in Sources */ = {isa = PBXBuildFile; fileRef = B7589C472B65742D004571FB /* CategoryView.swift */; };
		B7589C592B65742E004571FB /* ContentView.swift in Sources */ = {isa = PBXBuildFile; fileRef = B7589C492B65742E004571FB /* ContentView.swift */; };
		B7589C5A2B65742E004571FB /* HomeView.swift in Sources */ = {isa = PBXBuildFile; fileRef = B7589C4A2B65742E004571FB /* HomeView.swift */; };
		B7589C5B2B65742E004571FB /* AnimalView.swift in Sources */ = {isa = PBXBuildFile; fileRef = B7589C4B2B65742E004571FB /* AnimalView.swift */; };
		B7589C5C2B65742E004571FB /* AnimalType.swift in Sources */ = {isa = PBXBuildFile; fileRef = B7589C4C2B65742E004571FB /* AnimalType.swift */; };
		B7589C5E2B65742E004571FB /* CategoryStack.swift in Sources */ = {isa = PBXBuildFile; fileRef = B7589C4E2B65742E004571FB /* CategoryStack.swift */; };
		B7589C602B65742E004571FB /* DataController.swift in Sources */ = {isa = PBXBuildFile; fileRef = B7589C502B65742E004571FB /* DataController.swift */; };
		B7589C632B65742E004571FB /* Animal.swift in Sources */ = {isa = PBXBuildFile; fileRef = B7589C532B65742E004571FB /* Animal.swift */; };
		B7589C642B65742E004571FB /* ZoomedView.swift in Sources */ = {isa = PBXBuildFile; fileRef = B7589C542B65742E004571FB /* ZoomedView.swift */; };
		B7589C652B65742E004571FB /* AnimalRow.swift in Sources */ = {isa = PBXBuildFile; fileRef = B7589C552B65742E004571FB /* AnimalRow.swift */; };
		B7589C662B65742E004571FB /* Bundle-Decodable.swift in Sources */ = {isa = PBXBuildFile; fileRef = B7589C562B65742E004571FB /* Bundle-Decodable.swift */; };
		B7589C782B657EA8004571FB /* WildGuard_VisionProApp.swift in Resources */ = {isa = PBXBuildFile; fileRef = B7589C272B657387004571FB /* WildGuard_VisionProApp.swift */; };
		B7589C792B657EA8004571FB /* ImmersiveView.swift in Resources */ = {isa = PBXBuildFile; fileRef = B7589C2B2B657387004571FB /* ImmersiveView.swift */; };
		B7589C7A2B657EA8004571FB /* Animal.swift in Resources */ = {isa = PBXBuildFile; fileRef = B7589C532B65742E004571FB /* Animal.swift */; };
		B7589C7B2B657EA8004571FB /* AnimalRow.swift in Resources */ = {isa = PBXBuildFile; fileRef = B7589C552B65742E004571FB /* AnimalRow.swift */; };
		B7589C7C2B657EA8004571FB /* AnimalType.swift in Resources */ = {isa = PBXBuildFile; fileRef = B7589C4C2B65742E004571FB /* AnimalType.swift */; };
		B7589C7D2B657EA8004571FB /* AnimalView.swift in Resources */ = {isa = PBXBuildFile; fileRef = B7589C4B2B65742E004571FB /* AnimalView.swift */; };
		B7589C7E2B657EA8004571FB /* Bundle-Decodable.swift in Resources */ = {isa = PBXBuildFile; fileRef = B7589C562B65742E004571FB /* Bundle-Decodable.swift */; };
		B7589C7F2B657EA8004571FB /* CategoryStack.swift in Resources */ = {isa = PBXBuildFile; fileRef = B7589C4E2B65742E004571FB /* CategoryStack.swift */; };
		B7589C802B657EA8004571FB /* CategoryView.swift in Resources */ = {isa = PBXBuildFile; fileRef = B7589C472B65742D004571FB /* CategoryView.swift */; };
		B7589C812B657EA8004571FB /* ContentView.swift in Resources */ = {isa = PBXBuildFile; fileRef = B7589C492B65742E004571FB /* ContentView.swift */; };
		B7589C822B657EA8004571FB /* DataController.swift in Resources */ = {isa = PBXBuildFile; fileRef = B7589C502B65742E004571FB /* DataController.swift */; };
		B7589C832B657EA8004571FB /* HomeView.swift in Resources */ = {isa = PBXBuildFile; fileRef = B7589C4A2B65742E004571FB /* HomeView.swift */; };
		B7589C842B657EA8004571FB /* ZoomedView.swift in Resources */ = {isa = PBXBuildFile; fileRef = B7589C542B65742E004571FB /* ZoomedView.swift */; };
		B7589C852B657EA8004571FB /* earth.json in Resources */ = {isa = PBXBuildFile; fileRef = B7589C522B65742E004571FB /* earth.json */; };
		B7589C862B657EA8004571FB /* sea.json in Resources */ = {isa = PBXBuildFile; fileRef = B7589C4F2B65742E004571FB /* sea.json */; };
		B7589C872B657EA8004571FB /* sky.json in Resources */ = {isa = PBXBuildFile; fileRef = B7589C512B65742E004571FB /* sky.json */; };
		B7589C882B657EA8004571FB /* Assets.xcassets in Resources */ = {isa = PBXBuildFile; fileRef = B7589C4D2B65742E004571FB /* Assets.xcassets */; };
/* End PBXBuildFile section */

/* Begin PBXContainerItemProxy section */
		B7589C3A2B657388004571FB /* PBXContainerItemProxy */ = {
			isa = PBXContainerItemProxy;
			containerPortal = B7589C182B657387004571FB /* Project object */;
			proxyType = 1;
			remoteGlobalIDString = B7589C1F2B657387004571FB;
			remoteInfo = ABC;
		};
/* End PBXContainerItemProxy section */

/* Begin PBXFileReference section */
		B7589C202B657387004571FB /* WildGuard_VisionProApp.app */ = {isa = PBXFileReference; explicitFileType = wrapper.application; includeInIndex = 0; path = WildGuard_VisionProApp.app; sourceTree = BUILT_PRODUCTS_DIR; };
		B7589C242B657387004571FB /* RealityKitContent */ = {isa = PBXFileReference; lastKnownFileType = wrapper; path = RealityKitContent; sourceTree = "<group>"; };
		B7589C272B657387004571FB /* WildGuard_VisionProApp.swift */ = {isa = PBXFileReference; lastKnownFileType = sourcecode.swift; path = WildGuard_VisionProApp.swift; sourceTree = "<group>"; };
		B7589C2B2B657387004571FB /* ImmersiveView.swift */ = {isa = PBXFileReference; lastKnownFileType = sourcecode.swift; path = ImmersiveView.swift; sourceTree = "<group>"; };
		B7589C2D2B657387004571FB /* ImageBasedLighting.skybox */ = {isa = PBXFileReference; lastKnownFileType = file.skybox; path = ImageBasedLighting.skybox; sourceTree = "<group>"; };
		B7589C322B657388004571FB /* Preview Assets.xcassets */ = {isa = PBXFileReference; lastKnownFileType = folder.assetcatalog; path = "Preview Assets.xcassets"; sourceTree = "<group>"; };
		B7589C342B657388004571FB /* Info.plist */ = {isa = PBXFileReference; lastKnownFileType = text.plist.xml; path = Info.plist; sourceTree = "<group>"; };
		B7589C392B657388004571FB /* WildGuard_VisionProAppTests.xctest */ = {isa = PBXFileReference; explicitFileType = wrapper.cfbundle; includeInIndex = 0; path = WildGuard_VisionProAppTests.xctest; sourceTree = BUILT_PRODUCTS_DIR; };
		B7589C3D2B657388004571FB /* WildGuard_VisionProAppTests.swift */ = {isa = PBXFileReference; lastKnownFileType = sourcecode.swift; path = WildGuard_VisionProAppTests.swift; sourceTree = "<group>"; };
		B7589C472B65742D004571FB /* CategoryView.swift */ = {isa = PBXFileReference; fileEncoding = 4; lastKnownFileType = sourcecode.swift; path = CategoryView.swift; sourceTree = "<group>"; };
		B7589C492B65742E004571FB /* ContentView.swift */ = {isa = PBXFileReference; fileEncoding = 4; lastKnownFileType = sourcecode.swift; name = ContentView.swift; path = "../../../Downloads/wildguard (1)/WildGuard/ContentView.swift"; sourceTree = "<group>"; };
		B7589C4A2B65742E004571FB /* HomeView.swift */ = {isa = PBXFileReference; fileEncoding = 4; lastKnownFileType = sourcecode.swift; path = HomeView.swift; sourceTree = "<group>"; };
		B7589C4B2B65742E004571FB /* AnimalView.swift */ = {isa = PBXFileReference; fileEncoding = 4; lastKnownFileType = sourcecode.swift; path = AnimalView.swift; sourceTree = "<group>"; };
		B7589C4C2B65742E004571FB /* AnimalType.swift */ = {isa = PBXFileReference; fileEncoding = 4; lastKnownFileType = sourcecode.swift; path = AnimalType.swift; sourceTree = "<group>"; };
		B7589C4D2B65742E004571FB /* Assets.xcassets */ = {isa = PBXFileReference; lastKnownFileType = folder.assetcatalog; name = Assets.xcassets; path = "../../../Downloads/wildguard (1)/WildGuard/Assets.xcassets"; sourceTree = "<group>"; };
		B7589C4E2B65742E004571FB /* CategoryStack.swift */ = {isa = PBXFileReference; fileEncoding = 4; lastKnownFileType = sourcecode.swift; path = CategoryStack.swift; sourceTree = "<group>"; };
		B7589C4F2B65742E004571FB /* sea.json */ = {isa = PBXFileReference; fileEncoding = 4; lastKnownFileType = text.json; path = sea.json; sourceTree = "<group>"; };
		B7589C502B65742E004571FB /* DataController.swift */ = {isa = PBXFileReference; fileEncoding = 4; lastKnownFileType = sourcecode.swift; path = DataController.swift; sourceTree = "<group>"; };
		B7589C512B65742E004571FB /* sky.json */ = {isa = PBXFileReference; fileEncoding = 4; lastKnownFileType = text.json; path = sky.json; sourceTree = "<group>"; };
		B7589C522B65742E004571FB /* earth.json */ = {isa = PBXFileReference; fileEncoding = 4; lastKnownFileType = text.json; path = earth.json; sourceTree = "<group>"; };
		B7589C532B65742E004571FB /* Animal.swift */ = {isa = PBXFileReference; fileEncoding = 4; lastKnownFileType = sourcecode.swift; path = Animal.swift; sourceTree = "<group>"; };
		B7589C542B65742E004571FB /* ZoomedView.swift */ = {isa = PBXFileReference; fileEncoding = 4; lastKnownFileType = sourcecode.swift; path = ZoomedView.swift; sourceTree = "<group>"; };
		B7589C552B65742E004571FB /* AnimalRow.swift */ = {isa = PBXFileReference; fileEncoding = 4; lastKnownFileType = sourcecode.swift; path = AnimalRow.swift; sourceTree = "<group>"; };
		B7589C562B65742E004571FB /* Bundle-Decodable.swift */ = {isa = PBXFileReference; fileEncoding = 4; lastKnownFileType = sourcecode.swift; path = "Bundle-Decodable.swift"; sourceTree = "<group>"; };
/* End PBXFileReference section */

/* Begin PBXFrameworksBuildPhase section */
		B7589C1D2B657387004571FB /* Frameworks */ = {
			isa = PBXFrameworksBuildPhase;
			buildActionMask = 2147483647;
			files = (
				B7589C262B657387004571FB /* RealityKitContent in Frameworks */,
			);
			runOnlyForDeploymentPostprocessing = 0;
		};
		B7589C362B657388004571FB /* Frameworks */ = {
			isa = PBXFrameworksBuildPhase;
			buildActionMask = 2147483647;
			files = (
			);
			runOnlyForDeploymentPostprocessing = 0;
		};
/* End PBXFrameworksBuildPhase section */

/* Begin PBXGroup section */
		B7589C172B657387004571FB = {
			isa = PBXGroup;
			children = (
				B7589C222B657387004571FB /* WildGuard_VisionProApp */,
				B7589C232B657387004571FB /* Packages */,
				B7589C3C2B657388004571FB /* WildGuard_VisionProAppTests */,
				B7589C212B657387004571FB /* Products */,
			);
			sourceTree = "<group>";
		};
		B7589C212B657387004571FB /* Products */ = {
			isa = PBXGroup;
			children = (
				B7589C202B657387004571FB /* WildGuard_VisionProApp.app */,
				B7589C392B657388004571FB /* WildGuard_VisionProAppTests.xctest */,
			);
			name = Products;
			sourceTree = "<group>";
		};
		B7589C222B657387004571FB /* WildGuard_VisionProApp */ = {
			isa = PBXGroup;
			children = (
				B7589C272B657387004571FB /* WildGuard_VisionProApp.swift */,
				B7589C492B65742E004571FB /* ContentView.swift */,
				B7589C4A2B65742E004571FB /* HomeView.swift */,
				B7589C532B65742E004571FB /* Animal.swift */,
				B7589C552B65742E004571FB /* AnimalRow.swift */,
				B7589C4C2B65742E004571FB /* AnimalType.swift */,
				B7589C4B2B65742E004571FB /* AnimalView.swift */,
				B7589C562B65742E004571FB /* Bundle-Decodable.swift */,
				B7589C4E2B65742E004571FB /* CategoryStack.swift */,
				B7589C472B65742D004571FB /* CategoryView.swift */,
				B7589C502B65742E004571FB /* DataController.swift */,
				B7589C542B65742E004571FB /* ZoomedView.swift */,
				B7589C522B65742E004571FB /* earth.json */,
				B7589C4F2B65742E004571FB /* sea.json */,
				B7589C512B65742E004571FB /* sky.json */,
				B7589C2B2B657387004571FB /* ImmersiveView.swift */,
				B7589C4D2B65742E004571FB /* Assets.xcassets */,
				B7589C2D2B657387004571FB /* ImageBasedLighting.skybox */,
				B7589C342B657388004571FB /* Info.plist */,
				B7589C312B657388004571FB /* Preview Content */,
			);
			path = WildGuard_VisionProApp;
			sourceTree = "<group>";
		};
		B7589C232B657387004571FB /* Packages */ = {
			isa = PBXGroup;
			children = (
				B7589C242B657387004571FB /* RealityKitContent */,
			);
			path = Packages;
			sourceTree = "<group>";
		};
		B7589C312B657388004571FB /* Preview Content */ = {
			isa = PBXGroup;
			children = (
				B7589C322B657388004571FB /* Preview Assets.xcassets */,
			);
			path = "Preview Content";
			sourceTree = "<group>";
		};
		B7589C3C2B657388004571FB /* WildGuard_VisionProAppTests */ = {
			isa = PBXGroup;
			children = (
				B7589C3D2B657388004571FB /* WildGuard_VisionProAppTests.swift */,
			);
			path = WildGuard_VisionProAppTests;
			sourceTree = "<group>";
		};
/* End PBXGroup section */

/* Begin PBXNativeTarget section */
		B7589C1F2B657387004571FB /* WildGuard_VisionProApp */ = {
			isa = PBXNativeTarget;
			buildConfigurationList = B7589C412B657388004571FB /* Build configuration list for PBXNativeTarget "WildGuard_VisionProApp" */;
			buildPhases = (
				B7589C1C2B657387004571FB /* Sources */,
				B7589C1D2B657387004571FB /* Frameworks */,
				B7589C1E2B657387004571FB /* Resources */,
			);
			buildRules = (
			);
			dependencies = (
			);
			name = WildGuard_VisionProApp;
			packageProductDependencies = (
				B7589C252B657387004571FB /* RealityKitContent */,
			);
			productName = ABC;
			productReference = B7589C202B657387004571FB /* WildGuard_VisionProApp.app */;
			productType = "com.apple.product-type.application";
		};
		B7589C382B657388004571FB /* WildGuard_VisionProAppTests */ = {
			isa = PBXNativeTarget;
			buildConfigurationList = B7589C442B657388004571FB /* Build configuration list for PBXNativeTarget "WildGuard_VisionProAppTests" */;
			buildPhases = (
				B7589C352B657388004571FB /* Sources */,
				B7589C362B657388004571FB /* Frameworks */,
				B7589C372B657388004571FB /* Resources */,
			);
			buildRules = (
			);
			dependencies = (
				B7589C3B2B657388004571FB /* PBXTargetDependency */,
			);
			name = WildGuard_VisionProAppTests;
			productName = ABCTests;
			productReference = B7589C392B657388004571FB /* WildGuard_VisionProAppTests.xctest */;
			productType = "com.apple.product-type.bundle.unit-test";
		};
/* End PBXNativeTarget section */

/* Begin PBXProject section */
		B7589C182B657387004571FB /* Project object */ = {
			isa = PBXProject;
			attributes = {
				BuildIndependentTargetsInParallel = 1;
				LastSwiftUpdateCheck = 1520;
				LastUpgradeCheck = 1520;
				TargetAttributes = {
					B7589C1F2B657387004571FB = {
						CreatedOnToolsVersion = 15.2;
					};
					B7589C382B657388004571FB = {
						CreatedOnToolsVersion = 15.2;
						TestTargetID = B7589C1F2B657387004571FB;
					};
				};
			};
			buildConfigurationList = B7589C1B2B657387004571FB /* Build configuration list for PBXProject "WildGuard_VisionProApp" */;
			compatibilityVersion = "Xcode 14.0";
			developmentRegion = en;
			hasScannedForEncodings = 0;
			knownRegions = (
				en,
				Base,
			);
			mainGroup = B7589C172B657387004571FB;
			productRefGroup = B7589C212B657387004571FB /* Products */;
			projectDirPath = "";
			projectRoot = "";
			targets = (
				B7589C1F2B657387004571FB /* WildGuard_VisionProApp */,
				B7589C382B657388004571FB /* WildGuard_VisionProAppTests */,
			);
		};
/* End PBXProject section */

/* Begin PBXResourcesBuildPhase section */
		B7589C1E2B657387004571FB /* Resources */ = {
			isa = PBXResourcesBuildPhase;
			buildActionMask = 2147483647;
			files = (
				B7589C782B657EA8004571FB /* WildGuard_VisionProApp.swift in Resources */,
				B7589C792B657EA8004571FB /* ImmersiveView.swift in Resources */,
				B7589C7A2B657EA8004571FB /* Animal.swift in Resources */,
				B7589C7B2B657EA8004571FB /* AnimalRow.swift in Resources */,
				B7589C7C2B657EA8004571FB /* AnimalType.swift in Resources */,
				B7589C7D2B657EA8004571FB /* AnimalView.swift in Resources */,
				B7589C7E2B657EA8004571FB /* Bundle-Decodable.swift in Resources */,
				B7589C7F2B657EA8004571FB /* CategoryStack.swift in Resources */,
				B7589C802B657EA8004571FB /* CategoryView.swift in Resources */,
				B7589C812B657EA8004571FB /* ContentView.swift in Resources */,
				B7589C822B657EA8004571FB /* DataController.swift in Resources */,
				B7589C832B657EA8004571FB /* HomeView.swift in Resources */,
				B7589C842B657EA8004571FB /* ZoomedView.swift in Resources */,
				B7589C852B657EA8004571FB /* earth.json in Resources */,
				B7589C862B657EA8004571FB /* sea.json in Resources */,
				B7589C872B657EA8004571FB /* sky.json in Resources */,
				B7589C882B657EA8004571FB /* Assets.xcassets in Resources */,
			);
			runOnlyForDeploymentPostprocessing = 0;
		};
		B7589C372B657388004571FB /* Resources */ = {
			isa = PBXResourcesBuildPhase;
			buildActionMask = 2147483647;
			files = (
			);
			runOnlyForDeploymentPostprocessing = 0;
		};
/* End PBXResourcesBuildPhase section */

/* Begin PBXSourcesBuildPhase section */
		B7589C1C2B657387004571FB /* Sources */ = {
			isa = PBXSourcesBuildPhase;
			buildActionMask = 2147483647;
			files = (
				B7589C5E2B65742E004571FB /* CategoryStack.swift in Sources */,
				B7589C5B2B65742E004571FB /* AnimalView.swift in Sources */,
				B7589C662B65742E004571FB /* Bundle-Decodable.swift in Sources */,
				B7589C5A2B65742E004571FB /* HomeView.swift in Sources */,
				B7589C282B657387004571FB /* WildGuard_VisionProApp.swift in Sources */,
				B7589C632B65742E004571FB /* Animal.swift in Sources */,
				B7589C652B65742E004571FB /* AnimalRow.swift in Sources */,
				B7589C602B65742E004571FB /* DataController.swift in Sources */,
				B7589C592B65742E004571FB /* ContentView.swift in Sources */,
				B7589C642B65742E004571FB /* ZoomedView.swift in Sources */,
				B7589C572B65742E004571FB /* CategoryView.swift in Sources */,
				B7589C2C2B657387004571FB /* ImmersiveView.swift in Sources */,
				B7589C5C2B65742E004571FB /* AnimalType.swift in Sources */,
			);
			runOnlyForDeploymentPostprocessing = 0;
		};
		B7589C352B657388004571FB /* Sources */ = {
			isa = PBXSourcesBuildPhase;
			buildActionMask = 2147483647;
			files = (
				B7589C3E2B657388004571FB /* WildGuard_VisionProAppTests.swift in Sources */,
			);
			runOnlyForDeploymentPostprocessing = 0;
		};
/* End PBXSourcesBuildPhase section */

/* Begin PBXTargetDependency section */
		B7589C3B2B657388004571FB /* PBXTargetDependency */ = {
			isa = PBXTargetDependency;
			target = B7589C1F2B657387004571FB /* WildGuard_VisionProApp */;
			targetProxy = B7589C3A2B657388004571FB /* PBXContainerItemProxy */;
		};
/* End PBXTargetDependency section */

/* Begin XCBuildConfiguration section */
		B7589C3F2B657388004571FB /* Debug */ = {
			isa = XCBuildConfiguration;
			buildSettings = {
				ALWAYS_SEARCH_USER_PATHS = NO;
				ASSETCATALOG_COMPILER_GENERATE_SWIFT_ASSET_SYMBOL_EXTENSIONS = YES;
				CLANG_ANALYZER_NONNULL = YES;
				CLANG_ANALYZER_NUMBER_OBJECT_CONVERSION = YES_AGGRESSIVE;
				CLANG_CXX_LANGUAGE_STANDARD = "gnu++20";
				CLANG_ENABLE_MODULES = YES;
				CLANG_ENABLE_OBJC_ARC = YES;
				CLANG_ENABLE_OBJC_WEAK = YES;
				CLANG_WARN_BLOCK_CAPTURE_AUTORELEASING = YES;
				CLANG_WARN_BOOL_CONVERSION = YES;
				CLANG_WARN_COMMA = YES;
				CLANG_WARN_CONSTANT_CONVERSION = YES;
				CLANG_WARN_DEPRECATED_OBJC_IMPLEMENTATIONS = YES;
				CLANG_WARN_DIRECT_OBJC_ISA_USAGE = YES_ERROR;
				CLANG_WARN_DOCUMENTATION_COMMENTS = YES;
				CLANG_WARN_EMPTY_BODY = YES;
				CLANG_WARN_ENUM_CONVERSION = YES;
				CLANG_WARN_INFINITE_RECURSION = YES;
				CLANG_WARN_INT_CONVERSION = YES;
				CLANG_WARN_NON_LITERAL_NULL_CONVERSION = YES;
				CLANG_WARN_OBJC_IMPLICIT_RETAIN_SELF = YES;
				CLANG_WARN_OBJC_LITERAL_CONVERSION = YES;
				CLANG_WARN_OBJC_ROOT_CLASS = YES_ERROR;
				CLANG_WARN_QUOTED_INCLUDE_IN_FRAMEWORK_HEADER = YES;
				CLANG_WARN_RANGE_LOOP_ANALYSIS = YES;
				CLANG_WARN_STRICT_PROTOTYPES = YES;
				CLANG_WARN_SUSPICIOUS_MOVE = YES;
				CLANG_WARN_UNGUARDED_AVAILABILITY = YES_AGGRESSIVE;
				CLANG_WARN_UNREACHABLE_CODE = YES;
				CLANG_WARN__DUPLICATE_METHOD_MATCH = YES;
				COPY_PHASE_STRIP = NO;
				DEBUG_INFORMATION_FORMAT = dwarf;
				ENABLE_STRICT_OBJC_MSGSEND = YES;
				ENABLE_TESTABILITY = YES;
				ENABLE_USER_SCRIPT_SANDBOXING = YES;
				GCC_C_LANGUAGE_STANDARD = gnu17;
				GCC_DYNAMIC_NO_PIC = NO;
				GCC_NO_COMMON_BLOCKS = YES;
				GCC_OPTIMIZATION_LEVEL = 0;
				GCC_PREPROCESSOR_DEFINITIONS = (
					"DEBUG=1",
					"$(inherited)",
				);
				GCC_WARN_64_TO_32_BIT_CONVERSION = YES;
				GCC_WARN_ABOUT_RETURN_TYPE = YES_ERROR;
				GCC_WARN_UNDECLARED_SELECTOR = YES;
				GCC_WARN_UNINITIALIZED_AUTOS = YES_AGGRESSIVE;
				GCC_WARN_UNUSED_FUNCTION = YES;
				GCC_WARN_UNUSED_VARIABLE = YES;
				LOCALIZATION_PREFERS_STRING_CATALOGS = YES;
				MTL_ENABLE_DEBUG_INFO = INCLUDE_SOURCE;
				MTL_FAST_MATH = YES;
				ONLY_ACTIVE_ARCH = YES;
				SDKROOT = xros;
				SWIFT_ACTIVE_COMPILATION_CONDITIONS = "DEBUG $(inherited)";
				SWIFT_OPTIMIZATION_LEVEL = "-Onone";
				XROS_DEPLOYMENT_TARGET = 1.0;
			};
			name = Debug;
		};
		B7589C402B657388004571FB /* Release */ = {
			isa = XCBuildConfiguration;
			buildSettings = {
				ALWAYS_SEARCH_USER_PATHS = NO;
				ASSETCATALOG_COMPILER_GENERATE_SWIFT_ASSET_SYMBOL_EXTENSIONS = YES;
				CLANG_ANALYZER_NONNULL = YES;
				CLANG_ANALYZER_NUMBER_OBJECT_CONVERSION = YES_AGGRESSIVE;
				CLANG_CXX_LANGUAGE_STANDARD = "gnu++20";
				CLANG_ENABLE_MODULES = YES;
				CLANG_ENABLE_OBJC_ARC = YES;
				CLANG_ENABLE_OBJC_WEAK = YES;
				CLANG_WARN_BLOCK_CAPTURE_AUTORELEASING = YES;
				CLANG_WARN_BOOL_CONVERSION = YES;
				CLANG_WARN_COMMA = YES;
				CLANG_WARN_CONSTANT_CONVERSION = YES;
				CLANG_WARN_DEPRECATED_OBJC_IMPLEMENTATIONS = YES;
				CLANG_WARN_DIRECT_OBJC_ISA_USAGE = YES_ERROR;
				CLANG_WARN_DOCUMENTATION_COMMENTS = YES;
				CLANG_WARN_EMPTY_BODY = YES;
				CLANG_WARN_ENUM_CONVERSION = YES;
				CLANG_WARN_INFINITE_RECURSION = YES;
				CLANG_WARN_INT_CONVERSION = YES;
				CLANG_WARN_NON_LITERAL_NULL_CONVERSION = YES;
				CLANG_WARN_OBJC_IMPLICIT_RETAIN_SELF = YES;
				CLANG_WARN_OBJC_LITERAL_CONVERSION = YES;
				CLANG_WARN_OBJC_ROOT_CLASS = YES_ERROR;
				CLANG_WARN_QUOTED_INCLUDE_IN_FRAMEWORK_HEADER = YES;
				CLANG_WARN_RANGE_LOOP_ANALYSIS = YES;
				CLANG_WARN_STRICT_PROTOTYPES = YES;
				CLANG_WARN_SUSPICIOUS_MOVE = YES;
				CLANG_WARN_UNGUARDED_AVAILABILITY = YES_AGGRESSIVE;
				CLANG_WARN_UNREACHABLE_CODE = YES;
				CLANG_WARN__DUPLICATE_METHOD_MATCH = YES;
				COPY_PHASE_STRIP = NO;
				DEBUG_INFORMATION_FORMAT = "dwarf-with-dsym";
				ENABLE_NS_ASSERTIONS = NO;
				ENABLE_STRICT_OBJC_MSGSEND = YES;
				ENABLE_USER_SCRIPT_SANDBOXING = YES;
				GCC_C_LANGUAGE_STANDARD = gnu17;
				GCC_NO_COMMON_BLOCKS = YES;
				GCC_WARN_64_TO_32_BIT_CONVERSION = YES;
				GCC_WARN_ABOUT_RETURN_TYPE = YES_ERROR;
				GCC_WARN_UNDECLARED_SELECTOR = YES;
				GCC_WARN_UNINITIALIZED_AUTOS = YES_AGGRESSIVE;
				GCC_WARN_UNUSED_FUNCTION = YES;
				GCC_WARN_UNUSED_VARIABLE = YES;
				LOCALIZATION_PREFERS_STRING_CATALOGS = YES;
				MTL_ENABLE_DEBUG_INFO = NO;
				MTL_FAST_MATH = YES;
				SDKROOT = xros;
				SWIFT_COMPILATION_MODE = wholemodule;
				VALIDATE_PRODUCT = YES;
				XROS_DEPLOYMENT_TARGET = 1.0;
			};
			name = Release;
		};
		B7589C422B657388004571FB /* Debug */ = {
			isa = XCBuildConfiguration;
			buildSettings = {
				ASSETCATALOG_COMPILER_APPICON_NAME = AppIcon;
				ASSETCATALOG_COMPILER_GLOBAL_ACCENT_COLOR_NAME = AccentColor;
				CODE_SIGN_STYLE = Automatic;
				CURRENT_PROJECT_VERSION = 1;
				DEVELOPMENT_ASSET_PATHS = "\"WildGuard_VisionProApp/Preview Content\"";
				DEVELOPMENT_TEAM = QHG34765G4;
				ENABLE_PREVIEWS = YES;
				GENERATE_INFOPLIST_FILE = YES;
				INFOPLIST_FILE = "$(TARGET_NAME)/Info.plist";
				LD_RUNPATH_SEARCH_PATHS = (
					"$(inherited)",
					"@executable_path/Frameworks",
				);
				MARKETING_VERSION = 1.0;
				PRODUCT_BUNDLE_IDENTIFIER = com.paste1989.WildGuard_VisionProApp;
				PRODUCT_NAME = "$(TARGET_NAME)";
				SUPPORTED_PLATFORMS = "xros xrsimulator";
				SWIFT_EMIT_LOC_STRINGS = YES;
				SWIFT_VERSION = 5.0;
				TARGETED_DEVICE_FAMILY = "1,2,7";
			};
			name = Debug;
		};
		B7589C432B657388004571FB /* Release */ = {
			isa = XCBuildConfiguration;
			buildSettings = {
				ASSETCATALOG_COMPILER_APPICON_NAME = AppIcon;
				ASSETCATALOG_COMPILER_GLOBAL_ACCENT_COLOR_NAME = AccentColor;
				CODE_SIGN_STYLE = Automatic;
				CURRENT_PROJECT_VERSION = 1;
				DEVELOPMENT_ASSET_PATHS = "\"WildGuard_VisionProApp/Preview Content\"";
				DEVELOPMENT_TEAM = QHG34765G4;
				ENABLE_PREVIEWS = YES;
				GENERATE_INFOPLIST_FILE = YES;
				INFOPLIST_FILE = "$(TARGET_NAME)/Info.plist";
				LD_RUNPATH_SEARCH_PATHS = (
					"$(inherited)",
					"@executable_path/Frameworks",
				);
				MARKETING_VERSION = 1.0;
				PRODUCT_BUNDLE_IDENTIFIER = com.paste1989.WildGuard_VisionProApp;
				PRODUCT_NAME = "$(TARGET_NAME)";
				SUPPORTED_PLATFORMS = "xros xrsimulator";
				SWIFT_EMIT_LOC_STRINGS = YES;
				SWIFT_VERSION = 5.0;
				TARGETED_DEVICE_FAMILY = "1,2,7";
			};
			name = Release;
		};
		B7589C452B657388004571FB /* Debug */ = {
			isa = XCBuildConfiguration;
			buildSettings = {
				ALWAYS_EMBED_SWIFT_STANDARD_LIBRARIES = YES;
				BUNDLE_LOADER = "$(TEST_HOST)";
				CODE_SIGN_STYLE = Automatic;
				CURRENT_PROJECT_VERSION = 1;
				DEVELOPMENT_TEAM = QHG34765G4;
				GENERATE_INFOPLIST_FILE = YES;
				MARKETING_VERSION = 1.0;
				PRODUCT_BUNDLE_IDENTIFIER = com.paste1989.WildGuard_VisionProApp;
				PRODUCT_NAME = "$(TARGET_NAME)";
				SUPPORTED_PLATFORMS = "xros xrsimulator";
				SWIFT_EMIT_LOC_STRINGS = NO;
				SWIFT_VERSION = 5.0;
				TARGETED_DEVICE_FAMILY = "1,2,7";
				TEST_HOST = "$(BUILT_PRODUCTS_DIR)/WildGuard_VisionProApp.app/$(BUNDLE_EXECUTABLE_FOLDER_PATH)/WildGuard_VisionProApp";
				XROS_DEPLOYMENT_TARGET = 1.0;
			};
			name = Debug;
		};
		B7589C462B657388004571FB /* Release */ = {
			isa = XCBuildConfiguration;
			buildSettings = {
				ALWAYS_EMBED_SWIFT_STANDARD_LIBRARIES = YES;
				BUNDLE_LOADER = "$(TEST_HOST)";
				CODE_SIGN_STYLE = Automatic;
				CURRENT_PROJECT_VERSION = 1;
				DEVELOPMENT_TEAM = QHG34765G4;
				GENERATE_INFOPLIST_FILE = YES;
				MARKETING_VERSION = 1.0;
				PRODUCT_BUNDLE_IDENTIFIER = com.paste1989.WildGuard_VisionProApp;
				PRODUCT_NAME = "$(TARGET_NAME)";
				SUPPORTED_PLATFORMS = "xros xrsimulator";
				SWIFT_EMIT_LOC_STRINGS = NO;
				SWIFT_VERSION = 5.0;
				TARGETED_DEVICE_FAMILY = "1,2,7";
				TEST_HOST = "$(BUILT_PRODUCTS_DIR)/WildGuard_VisionProApp.app/$(BUNDLE_EXECUTABLE_FOLDER_PATH)/WildGuard_VisionProApp";
				XROS_DEPLOYMENT_TARGET = 1.0;
			};
			name = Release;
		};
/* End XCBuildConfiguration section */

/* Begin XCConfigurationList section */
		B7589C1B2B657387004571FB /* Build configuration list for PBXProject "WildGuard_VisionProApp" */ = {
			isa = XCConfigurationList;
			buildConfigurations = (
				B7589C3F2B657388004571FB /* Debug */,
				B7589C402B657388004571FB /* Release */,
			);
			defaultConfigurationIsVisible = 0;
			defaultConfigurationName = Release;
		};
		B7589C412B657388004571FB /* Build configuration list for PBXNativeTarget "WildGuard_VisionProApp" */ = {
			isa = XCConfigurationList;
			buildConfigurations = (
				B7589C422B657388004571FB /* Debug */,
				B7589C432B657388004571FB /* Release */,
			);
			defaultConfigurationIsVisible = 0;
			defaultConfigurationName = Release;
		};
		B7589C442B657388004571FB /* Build configuration list for PBXNativeTarget "WildGuard_VisionProAppTests" */ = {
			isa = XCConfigurationList;
			buildConfigurations = (
				B7589C452B657388004571FB /* Debug */,
				B7589C462B657388004571FB /* Release */,
			);
			defaultConfigurationIsVisible = 0;
			defaultConfigurationName = Release;
		};
/* End XCConfigurationList section */

/* Begin XCSwiftPackageProductDependency section */
		B7589C252B657387004571FB /* RealityKitContent */ = {
			isa = XCSwiftPackageProductDependency;
			productName = RealityKitContent;
		};
/* End XCSwiftPackageProductDependency section */
	};
	rootObject = B7589C182B657387004571FB /* Project object */;
}
